{
  "version": 4,
  "terraform_version": "1.1.5",
  "serial": 8,
  "lineage": "e8863541-9670-a3de-47a3-b5ac353e4f98",
  "outputs": {},
  "resources": [
    {
      "mode": "data",
      "type": "template_file",
      "name": "mongodb_node1",
      "provider": "provider[\"registry.terraform.io/hashicorp/template\"]",
      "instances": [
        {
          "schema_version": 0,
          "attributes": {
            "filename": null,
            "id": "70b7e86758183dae85796137629bce422c1b30103d54227f6d3076472328bc4b",
            "rendered": "#cloud-config\npackage_update: true\nruncmd:\n  - echo \"=========== sleep for 2 minutes ===========\"\n  - sleep 2m\n  - sudo apt-get update\n\n  - echo \"========= install mongo shell on host ==========\"\n  - sudo apt-get install -y mongodb\n  - sudo service mongodb stop\n  - sudo service mongodb status\n\n  - echo \"========== Setup Mongodb container ======== \"\n  - sudo docker run --name mongo -v /data/mongodb:/data/db -v /efs/mongodb/keys/mongodb-keyfile:/opt/keyfile --hostname=\"sage.mongodb.node1.test.ihealthnext.com\" -p 27017:27017 -d percona/percona-server-mongodb:3.4 --smallfiles\n  - sudo docker ps --all\n\n\n\n\n",
            "template": "#cloud-config\npackage_update: true\nruncmd:\n  - echo \"=========== sleep for 2 minutes ===========\"\n  - sleep 2m\n  - sudo apt-get update\n\n  - echo \"========= install mongo shell on host ==========\"\n  - sudo apt-get install -y mongodb\n  - sudo service mongodb stop\n  - sudo service mongodb status\n\n  - echo \"========== Setup Mongodb container ======== \"\n  - sudo docker run --name mongo -v /data/mongodb:/data/db -v /efs/mongodb/keys/mongodb-keyfile:/opt/keyfile --hostname=\"${node1_hostname}\" -p 27017:27017 -d percona/percona-server-mongodb:3.4 --smallfiles\n  - sudo docker ps --all\n\n\n\n\n",
            "vars": {
              "node1_hostname": "sage.mongodb.node1.test.ihealthnext.com",
              "node2_hostname": "sage.mongodb.node2.test.ihealthnext.com",
              "node3_hostname": "sage.mongodb.node3.test.ihealthnext.com"
            }
          },
          "sensitive_attributes": []
        }
      ]
    },
    {
      "mode": "managed",
      "type": "aws_instance",
      "name": "sage_test_mongodb_node1",
      "provider": "provider[\"registry.terraform.io/hashicorp/aws\"]",
      "instances": [
        {
          "schema_version": 1,
          "attributes": {
            "ami": "ami-dc8d97a5",
            "arn": "arn:aws:ec2:us-west-2:358153424697:instance/i-086366eb7816f0531",
            "associate_public_ip_address": false,
            "availability_zone": "us-west-2a",
            "capacity_reservation_specification": [
              {
                "capacity_reservation_preference": "open",
                "capacity_reservation_target": []
              }
            ],
            "cpu_core_count": 1,
            "cpu_threads_per_core": 1,
            "credit_specification": [
              {
                "cpu_credits": "standard"
              }
            ],
            "disable_api_termination": false,
            "ebs_block_device": [
              {
                "delete_on_termination": true,
                "device_name": "/dev/sdb",
                "encrypted": true,
                "iops": 100,
                "kms_key_id": "arn:aws:kms:us-west-2:358153424697:key/dda134f5-faed-41c7-917f-3ec8b638990f",
                "snapshot_id": "",
                "tags": {},
                "throughput": 0,
                "volume_id": "vol-0fe8bf2d1d735e681",
                "volume_size": 8,
                "volume_type": "gp2"
              }
            ],
            "ebs_optimized": false,
            "enclave_options": [
              {
                "enabled": false
              }
            ],
            "ephemeral_block_device": [],
            "get_password_data": false,
            "hibernation": false,
            "host_id": null,
            "iam_instance_profile": "",
            "id": "i-086366eb7816f0531",
            "instance_initiated_shutdown_behavior": "stop",
            "instance_state": "running",
            "instance_type": "t2.micro",
            "ipv6_address_count": 0,
            "ipv6_addresses": [],
            "key_name": "test_keypair",
            "launch_template": [],
            "metadata_options": [
              {
                "http_endpoint": "enabled",
                "http_put_response_hop_limit": 1,
                "http_tokens": "optional",
                "instance_metadata_tags": "disabled"
              }
            ],
            "monitoring": false,
            "network_interface": [],
            "outpost_arn": "",
            "password_data": "",
            "placement_group": "",
            "placement_partition_number": null,
            "primary_network_interface_id": "eni-09ded56a5b1e25a4e",
            "private_dns": "ip-30-0-1-83.us-west-2.compute.internal",
            "private_ip": "30.0.1.83",
            "public_dns": "",
            "public_ip": "",
            "root_block_device": [
              {
                "delete_on_termination": true,
                "device_name": "/dev/sda1",
                "encrypted": false,
                "iops": 100,
                "kms_key_id": "",
                "tags": null,
                "throughput": 0,
                "volume_id": "vol-0fe9ee5a52d0e3f65",
                "volume_size": 8,
                "volume_type": "gp2"
              }
            ],
            "secondary_private_ips": [],
            "security_groups": [],
            "source_dest_check": false,
            "subnet_id": "subnet-6126b318",
            "tags": {
              "Environment": "test",
              "Name": "sage_test_mongodb_node1"
            },
            "tags_all": {
              "Environment": "test",
              "Name": "sage_test_mongodb_node1"
            },
            "tenancy": "default",
            "timeouts": null,
            "user_data": "2c22dc6dea16b71b2c75e9005f95af62ceb7cf73",
            "user_data_base64": null,
            "volume_tags": null,
            "vpc_security_group_ids": [
              "sg-cca041bd"
            ]
          },
          "sensitive_attributes": [],
          "private": "eyJlMmJmYjczMC1lY2FhLTExZTYtOGY4OC0zNDM2M2JjN2M0YzAiOnsiY3JlYXRlIjo2MDAwMDAwMDAwMDAsImRlbGV0ZSI6MTIwMDAwMDAwMDAwMCwidXBkYXRlIjo2MDAwMDAwMDAwMDB9LCJzY2hlbWFfdmVyc2lvbiI6IjEifQ==",
          "dependencies": [
            "data.template_file.mongodb_node1"
          ]
        }
      ]
    },
    {
      "mode": "managed",
      "type": "aws_instance",
      "name": "sage_test_mongodb_node2",
      "provider": "provider[\"registry.terraform.io/hashicorp/aws\"]",
      "instances": [
        {
          "schema_version": 1,
          "attributes": {
            "ami": "ami-dc8d97a5",
            "arn": "arn:aws:ec2:us-west-2:358153424697:instance/i-0e4bbb19ae43c6060",
            "associate_public_ip_address": false,
            "availability_zone": "us-west-2a",
            "capacity_reservation_specification": [
              {
                "capacity_reservation_preference": "open",
                "capacity_reservation_target": []
              }
            ],
            "cpu_core_count": 1,
            "cpu_threads_per_core": 1,
            "credit_specification": [
              {
                "cpu_credits": "standard"
              }
            ],
            "disable_api_termination": false,
            "ebs_block_device": [
              {
                "delete_on_termination": true,
                "device_name": "/dev/sdb",
                "encrypted": true,
                "iops": 100,
                "kms_key_id": "arn:aws:kms:us-west-2:358153424697:key/dda134f5-faed-41c7-917f-3ec8b638990f",
                "snapshot_id": "",
                "tags": {},
                "throughput": 0,
                "volume_id": "vol-0519fce41ad095536",
                "volume_size": 8,
                "volume_type": "gp2"
              }
            ],
            "ebs_optimized": false,
            "enclave_options": [
              {
                "enabled": false
              }
            ],
            "ephemeral_block_device": [],
            "get_password_data": false,
            "hibernation": false,
            "host_id": null,
            "iam_instance_profile": "",
            "id": "i-0e4bbb19ae43c6060",
            "instance_initiated_shutdown_behavior": "stop",
            "instance_state": "running",
            "instance_type": "t2.micro",
            "ipv6_address_count": 0,
            "ipv6_addresses": [],
            "key_name": "test_keypair",
            "launch_template": [],
            "metadata_options": [
              {
                "http_endpoint": "enabled",
                "http_put_response_hop_limit": 1,
                "http_tokens": "optional",
                "instance_metadata_tags": "disabled"
              }
            ],
            "monitoring": false,
            "network_interface": [],
            "outpost_arn": "",
            "password_data": "",
            "placement_group": "",
            "placement_partition_number": null,
            "primary_network_interface_id": "eni-0353022c8a7a0bbc4",
            "private_dns": "ip-30-0-1-238.us-west-2.compute.internal",
            "private_ip": "30.0.1.238",
            "public_dns": "",
            "public_ip": "",
            "root_block_device": [
              {
                "delete_on_termination": true,
                "device_name": "/dev/sda1",
                "encrypted": false,
                "iops": 100,
                "kms_key_id": "",
                "tags": null,
                "throughput": 0,
                "volume_id": "vol-0848a92b4d733ca68",
                "volume_size": 8,
                "volume_type": "gp2"
              }
            ],
            "secondary_private_ips": [],
            "security_groups": [],
            "source_dest_check": false,
            "subnet_id": "subnet-6126b318",
            "tags": {
              "Environment": "test",
              "Name": "sage_test_mongodb_node2"
            },
            "tags_all": {
              "Environment": "test",
              "Name": "sage_test_mongodb_node2"
            },
            "tenancy": "default",
            "timeouts": null,
            "user_data": null,
            "user_data_base64": null,
            "volume_tags": null,
            "vpc_security_group_ids": [
              "sg-cca041bd"
            ]
          },
          "sensitive_attributes": [],
          "private": "eyJlMmJmYjczMC1lY2FhLTExZTYtOGY4OC0zNDM2M2JjN2M0YzAiOnsiY3JlYXRlIjo2MDAwMDAwMDAwMDAsImRlbGV0ZSI6MTIwMDAwMDAwMDAwMCwidXBkYXRlIjo2MDAwMDAwMDAwMDB9LCJzY2hlbWFfdmVyc2lvbiI6IjEifQ=="
        }
      ]
    },
    {
      "mode": "managed",
      "type": "aws_instance",
      "name": "sage_test_mongodb_node3",
      "provider": "provider[\"registry.terraform.io/hashicorp/aws\"]",
      "instances": [
        {
          "schema_version": 1,
          "attributes": {
            "ami": "ami-dc8d97a5",
            "arn": "arn:aws:ec2:us-west-2:358153424697:instance/i-02595d0623c3e7743",
            "associate_public_ip_address": false,
            "availability_zone": "us-west-2a",
            "capacity_reservation_specification": [
              {
                "capacity_reservation_preference": "open",
                "capacity_reservation_target": []
              }
            ],
            "cpu_core_count": 1,
            "cpu_threads_per_core": 1,
            "credit_specification": [
              {
                "cpu_credits": "standard"
              }
            ],
            "disable_api_termination": false,
            "ebs_block_device": [
              {
                "delete_on_termination": true,
                "device_name": "/dev/sdb",
                "encrypted": true,
                "iops": 100,
                "kms_key_id": "arn:aws:kms:us-west-2:358153424697:key/dda134f5-faed-41c7-917f-3ec8b638990f",
                "snapshot_id": "",
                "tags": {},
                "throughput": 0,
                "volume_id": "vol-064c795c2625ee47b",
                "volume_size": 8,
                "volume_type": "gp2"
              }
            ],
            "ebs_optimized": false,
            "enclave_options": [
              {
                "enabled": false
              }
            ],
            "ephemeral_block_device": [],
            "get_password_data": false,
            "hibernation": false,
            "host_id": null,
            "iam_instance_profile": "",
            "id": "i-02595d0623c3e7743",
            "instance_initiated_shutdown_behavior": "stop",
            "instance_state": "running",
            "instance_type": "t2.micro",
            "ipv6_address_count": 0,
            "ipv6_addresses": [],
            "key_name": "test_keypair",
            "launch_template": [],
            "metadata_options": [
              {
                "http_endpoint": "enabled",
                "http_put_response_hop_limit": 1,
                "http_tokens": "optional",
                "instance_metadata_tags": "disabled"
              }
            ],
            "monitoring": false,
            "network_interface": [],
            "outpost_arn": "",
            "password_data": "",
            "placement_group": "",
            "placement_partition_number": null,
            "primary_network_interface_id": "eni-09b5cbbfc0a9b2c57",
            "private_dns": "ip-30-0-1-136.us-west-2.compute.internal",
            "private_ip": "30.0.1.136",
            "public_dns": "",
            "public_ip": "",
            "root_block_device": [
              {
                "delete_on_termination": true,
                "device_name": "/dev/sda1",
                "encrypted": false,
                "iops": 100,
                "kms_key_id": "",
                "tags": null,
                "throughput": 0,
                "volume_id": "vol-08059826eda28e4e1",
                "volume_size": 8,
                "volume_type": "gp2"
              }
            ],
            "secondary_private_ips": [],
            "security_groups": [],
            "source_dest_check": false,
            "subnet_id": "subnet-6126b318",
            "tags": {
              "Environment": "test",
              "Name": "sage_test_mongodb_node3"
            },
            "tags_all": {
              "Environment": "test",
              "Name": "sage_test_mongodb_node3"
            },
            "tenancy": "default",
            "timeouts": null,
            "user_data": null,
            "user_data_base64": null,
            "volume_tags": null,
            "vpc_security_group_ids": [
              "sg-cca041bd"
            ]
          },
          "sensitive_attributes": [],
          "private": "eyJlMmJmYjczMC1lY2FhLTExZTYtOGY4OC0zNDM2M2JjN2M0YzAiOnsiY3JlYXRlIjo2MDAwMDAwMDAwMDAsImRlbGV0ZSI6MTIwMDAwMDAwMDAwMCwidXBkYXRlIjo2MDAwMDAwMDAwMDB9LCJzY2hlbWFfdmVyc2lvbiI6IjEifQ=="
        }
      ]
    }
  ]
}
