{
  "version": 4,
  "terraform_version": "1.1.5",
  "serial": 15,
  "lineage": "e8863541-9670-a3de-47a3-b5ac353e4f98",
  "outputs": {
    "instance1_id": {
      "value": "i-0723ccfe8ff90044c",
      "type": "string"
    },
    "instance1_private_ip": {
      "value": "30.0.1.243",
      "type": "string"
    },
    "instance2_id": {
      "value": "i-0e813e1de2ddccf9e",
      "type": "string"
    },
    "instance2_private_ip": {
      "value": "30.0.1.125",
      "type": "string"
    }
  },
  "resources": [
    {
      "mode": "data",
      "type": "template_file",
      "name": "mongodb_node1",
      "provider": "provider[\"registry.terraform.io/hashicorp/template\"]",
      "instances": [
        {
          "schema_version": 0,
          "attributes": {
            "filename": null,
            "id": "70b7e86758183dae85796137629bce422c1b30103d54227f6d3076472328bc4b",
            "rendered": "#cloud-config\npackage_update: true\nruncmd:\n  - echo \"=========== sleep for 2 minutes ===========\"\n  - sleep 2m\n  - sudo apt-get update\n\n  - echo \"========= install mongo shell on host ==========\"\n  - sudo apt-get install -y mongodb\n  - sudo service mongodb stop\n  - sudo service mongodb status\n\n  - echo \"========== Setup Mongodb container ======== \"\n  - sudo docker run --name mongo -v /data/mongodb:/data/db -v /efs/mongodb/keys/mongodb-keyfile:/opt/keyfile --hostname=\"sage.mongodb.node1.test.ihealthnext.com\" -p 27017:27017 -d percona/percona-server-mongodb:3.4 --smallfiles\n  - sudo docker ps --all\n\n\n\n\n",
            "template": "#cloud-config\npackage_update: true\nruncmd:\n  - echo \"=========== sleep for 2 minutes ===========\"\n  - sleep 2m\n  - sudo apt-get update\n\n  - echo \"========= install mongo shell on host ==========\"\n  - sudo apt-get install -y mongodb\n  - sudo service mongodb stop\n  - sudo service mongodb status\n\n  - echo \"========== Setup Mongodb container ======== \"\n  - sudo docker run --name mongo -v /data/mongodb:/data/db -v /efs/mongodb/keys/mongodb-keyfile:/opt/keyfile --hostname=\"${node_hostname}\" -p 27017:27017 -d percona/percona-server-mongodb:3.4 --smallfiles\n  - sudo docker ps --all\n\n\n\n\n",
            "vars": {
              "node1_hostname": "sage.mongodb.node1.test.ihealthnext.com",
              "node2_hostname": "sage.mongodb.node2.test.ihealthnext.com",
              "node3_hostname": "sage.mongodb.node3.test.ihealthnext.com",
              "node_hostname": "sage.mongodb.node1.test.ihealthnext.com"
            }
          },
          "sensitive_attributes": []
        }
      ]
    },
    {
      "mode": "data",
      "type": "template_file",
      "name": "mongodb_node2",
      "provider": "provider[\"registry.terraform.io/hashicorp/template\"]",
      "instances": [
        {
          "schema_version": 0,
          "attributes": {
            "filename": null,
            "id": "5d0bedae3c0bce2dbebcc1598d2de3707abfb126de4fc27abd72b41daadba38d",
            "rendered": "#cloud-config\npackage_update: true\nruncmd:\n  - echo \"=========== sleep for 2 minutes ===========\"\n  - sleep 2m\n  - sudo apt-get update\n\n  - echo \"========= install mongo shell on host ==========\"\n  - sudo apt-get install -y mongodb\n  - sudo service mongodb stop\n  - sudo service mongodb status\n\n  - echo \"========== Setup Mongodb container ======== \"\n  - sudo docker run --name mongo -v /data/mongodb:/data/db -v /efs/mongodb/keys/mongodb-keyfile:/opt/keyfile --hostname=\"sage.mongodb.node2.test.ihealthnext.com\" -p 27017:27017 -d percona/percona-server-mongodb:3.4 --smallfiles\n  - sudo docker ps --all\n\n\n\n\n",
            "template": "#cloud-config\npackage_update: true\nruncmd:\n  - echo \"=========== sleep for 2 minutes ===========\"\n  - sleep 2m\n  - sudo apt-get update\n\n  - echo \"========= install mongo shell on host ==========\"\n  - sudo apt-get install -y mongodb\n  - sudo service mongodb stop\n  - sudo service mongodb status\n\n  - echo \"========== Setup Mongodb container ======== \"\n  - sudo docker run --name mongo -v /data/mongodb:/data/db -v /efs/mongodb/keys/mongodb-keyfile:/opt/keyfile --hostname=\"${node_hostname}\" -p 27017:27017 -d percona/percona-server-mongodb:3.4 --smallfiles\n  - sudo docker ps --all\n\n\n\n\n",
            "vars": {
              "node1_hostname": "sage.mongodb.node1.test.ihealthnext.com",
              "node2_hostname": "sage.mongodb.node2.test.ihealthnext.com",
              "node3_hostname": "sage.mongodb.node3.test.ihealthnext.com",
              "node_hostname": "sage.mongodb.node2.test.ihealthnext.com"
            }
          },
          "sensitive_attributes": []
        }
      ]
    },
    {
      "mode": "data",
      "type": "template_file",
      "name": "mongodb_node3",
      "provider": "provider[\"registry.terraform.io/hashicorp/template\"]",
      "instances": [
        {
          "schema_version": 0,
          "attributes": {
            "filename": null,
            "id": "1d6d5702ccf10faa55cfe0fedc67689638a19398718440544e9be3f8ac0ed3a4",
            "rendered": "#cloud-config\npackage_update: true\nruncmd:\n  - echo \"=========== sleep for 2 minutes ===========\"\n  - sleep 2m\n  - sudo apt-get update\n\n  - echo \"========= install mongo shell on host ==========\"\n  - sudo apt-get install -y mongodb\n  - sudo service mongodb stop\n  - sudo service mongodb status\n\n  - echo \"========== Setup Mongodb container ======== \"\n  - sudo docker run --name mongo -v /data/mongodb:/data/db -v /efs/mongodb/keys/mongodb-keyfile:/opt/keyfile --hostname=\"sage.mongodb.node3.test.ihealthnext.com\" -p 27017:27017 -d percona/percona-server-mongodb:3.4 --smallfiles\n  - sudo docker ps --all\n\n\n\n\n",
            "template": "#cloud-config\npackage_update: true\nruncmd:\n  - echo \"=========== sleep for 2 minutes ===========\"\n  - sleep 2m\n  - sudo apt-get update\n\n  - echo \"========= install mongo shell on host ==========\"\n  - sudo apt-get install -y mongodb\n  - sudo service mongodb stop\n  - sudo service mongodb status\n\n  - echo \"========== Setup Mongodb container ======== \"\n  - sudo docker run --name mongo -v /data/mongodb:/data/db -v /efs/mongodb/keys/mongodb-keyfile:/opt/keyfile --hostname=\"${node_hostname}\" -p 27017:27017 -d percona/percona-server-mongodb:3.4 --smallfiles\n  - sudo docker ps --all\n\n\n\n\n",
            "vars": {
              "node1_hostname": "sage.mongodb.node1.test.ihealthnext.com",
              "node2_hostname": "sage.mongodb.node2.test.ihealthnext.com",
              "node3_hostname": "sage.mongodb.node3.test.ihealthnext.com",
              "node_hostname": "sage.mongodb.node3.test.ihealthnext.com"
            }
          },
          "sensitive_attributes": []
        }
      ]
    },
    {
      "mode": "managed",
      "type": "aws_instance",
      "name": "sage_test_mongodb_node1",
      "provider": "provider[\"registry.terraform.io/hashicorp/aws\"]",
      "instances": [
        {
          "schema_version": 1,
          "attributes": {
            "ami": "ami-dc8d97a5",
            "arn": "arn:aws:ec2:us-west-2:358153424697:instance/i-0723ccfe8ff90044c",
            "associate_public_ip_address": false,
            "availability_zone": "us-west-2a",
            "capacity_reservation_specification": [
              {
                "capacity_reservation_preference": "open",
                "capacity_reservation_target": []
              }
            ],
            "cpu_core_count": 1,
            "cpu_threads_per_core": 1,
            "credit_specification": [
              {
                "cpu_credits": "standard"
              }
            ],
            "disable_api_termination": false,
            "ebs_block_device": [
              {
                "delete_on_termination": true,
                "device_name": "/dev/sdb",
                "encrypted": true,
                "iops": 100,
                "kms_key_id": "arn:aws:kms:us-west-2:358153424697:key/dda134f5-faed-41c7-917f-3ec8b638990f",
                "snapshot_id": "",
                "tags": {},
                "throughput": 0,
                "volume_id": "vol-0ec282e0d4c9b1e05",
                "volume_size": 32,
                "volume_type": "gp2"
              }
            ],
            "ebs_optimized": false,
            "enclave_options": [
              {
                "enabled": false
              }
            ],
            "ephemeral_block_device": [],
            "get_password_data": false,
            "hibernation": false,
            "host_id": null,
            "iam_instance_profile": "",
            "id": "i-0723ccfe8ff90044c",
            "instance_initiated_shutdown_behavior": "stop",
            "instance_state": "running",
            "instance_type": "t2.micro",
            "ipv6_address_count": 0,
            "ipv6_addresses": [],
            "key_name": "test_keypair",
            "launch_template": [],
            "metadata_options": [
              {
                "http_endpoint": "enabled",
                "http_put_response_hop_limit": 1,
                "http_tokens": "optional",
                "instance_metadata_tags": "disabled"
              }
            ],
            "monitoring": false,
            "network_interface": [],
            "outpost_arn": "",
            "password_data": "",
            "placement_group": "",
            "placement_partition_number": null,
            "primary_network_interface_id": "eni-0c6da7b8db055613b",
            "private_dns": "ip-30-0-1-243.us-west-2.compute.internal",
            "private_ip": "30.0.1.243",
            "public_dns": "",
            "public_ip": "",
            "root_block_device": [
              {
                "delete_on_termination": true,
                "device_name": "/dev/sda1",
                "encrypted": false,
                "iops": 100,
                "kms_key_id": "",
                "tags": null,
                "throughput": 0,
                "volume_id": "vol-00a85cd5c1eec6252",
                "volume_size": 8,
                "volume_type": "gp2"
              }
            ],
            "secondary_private_ips": [],
            "security_groups": [],
            "source_dest_check": false,
            "subnet_id": "subnet-6126b318",
            "tags": {
              "Environment": "test",
              "Name": "sage_test_mongodb_node1"
            },
            "tags_all": {
              "Environment": "test",
              "Name": "sage_test_mongodb_node1"
            },
            "tenancy": "default",
            "timeouts": null,
            "user_data": "2c22dc6dea16b71b2c75e9005f95af62ceb7cf73",
            "user_data_base64": null,
            "volume_tags": null,
            "vpc_security_group_ids": [
              "sg-cca041bd"
            ]
          },
          "sensitive_attributes": [],
          "private": "eyJlMmJmYjczMC1lY2FhLTExZTYtOGY4OC0zNDM2M2JjN2M0YzAiOnsiY3JlYXRlIjo2MDAwMDAwMDAwMDAsImRlbGV0ZSI6MTIwMDAwMDAwMDAwMCwidXBkYXRlIjo2MDAwMDAwMDAwMDB9LCJzY2hlbWFfdmVyc2lvbiI6IjEifQ==",
          "dependencies": [
            "data.template_file.mongodb_node1"
          ]
        }
      ]
    },
    {
      "mode": "managed",
      "type": "aws_instance",
      "name": "sage_test_mongodb_node2",
      "provider": "provider[\"registry.terraform.io/hashicorp/aws\"]",
      "instances": [
        {
          "schema_version": 1,
          "attributes": {
            "ami": "ami-dc8d97a5",
            "arn": "arn:aws:ec2:us-west-2:358153424697:instance/i-0e813e1de2ddccf9e",
            "associate_public_ip_address": false,
            "availability_zone": "us-west-2a",
            "capacity_reservation_specification": [
              {
                "capacity_reservation_preference": "open",
                "capacity_reservation_target": []
              }
            ],
            "cpu_core_count": 1,
            "cpu_threads_per_core": 1,
            "credit_specification": [
              {
                "cpu_credits": "standard"
              }
            ],
            "disable_api_termination": false,
            "ebs_block_device": [
              {
                "delete_on_termination": true,
                "device_name": "/dev/sdb",
                "encrypted": true,
                "iops": 100,
                "kms_key_id": "arn:aws:kms:us-west-2:358153424697:key/dda134f5-faed-41c7-917f-3ec8b638990f",
                "snapshot_id": "",
                "tags": {},
                "throughput": 0,
                "volume_id": "vol-0b4253554cc3356b0",
                "volume_size": 32,
                "volume_type": "gp2"
              }
            ],
            "ebs_optimized": false,
            "enclave_options": [
              {
                "enabled": false
              }
            ],
            "ephemeral_block_device": [],
            "get_password_data": false,
            "hibernation": false,
            "host_id": null,
            "iam_instance_profile": "",
            "id": "i-0e813e1de2ddccf9e",
            "instance_initiated_shutdown_behavior": "stop",
            "instance_state": "running",
            "instance_type": "t2.micro",
            "ipv6_address_count": 0,
            "ipv6_addresses": [],
            "key_name": "test_keypair",
            "launch_template": [],
            "metadata_options": [
              {
                "http_endpoint": "enabled",
                "http_put_response_hop_limit": 1,
                "http_tokens": "optional",
                "instance_metadata_tags": "disabled"
              }
            ],
            "monitoring": false,
            "network_interface": [],
            "outpost_arn": "",
            "password_data": "",
            "placement_group": "",
            "placement_partition_number": null,
            "primary_network_interface_id": "eni-0f1ad474d5fb2920e",
            "private_dns": "ip-30-0-1-125.us-west-2.compute.internal",
            "private_ip": "30.0.1.125",
            "public_dns": "",
            "public_ip": "",
            "root_block_device": [
              {
                "delete_on_termination": true,
                "device_name": "/dev/sda1",
                "encrypted": false,
                "iops": 100,
                "kms_key_id": "",
                "tags": null,
                "throughput": 0,
                "volume_id": "vol-09b3f72c8677722e3",
                "volume_size": 8,
                "volume_type": "gp2"
              }
            ],
            "secondary_private_ips": [],
            "security_groups": [],
            "source_dest_check": false,
            "subnet_id": "subnet-6126b318",
            "tags": {
              "Environment": "test",
              "Name": "sage_test_mongodb_node2"
            },
            "tags_all": {
              "Environment": "test",
              "Name": "sage_test_mongodb_node2"
            },
            "tenancy": "default",
            "timeouts": null,
            "user_data": "7982b6ef1aa731ef24d142e753d60d4cc07b3266",
            "user_data_base64": null,
            "volume_tags": null,
            "vpc_security_group_ids": [
              "sg-cca041bd"
            ]
          },
          "sensitive_attributes": [],
          "private": "eyJlMmJmYjczMC1lY2FhLTExZTYtOGY4OC0zNDM2M2JjN2M0YzAiOnsiY3JlYXRlIjo2MDAwMDAwMDAwMDAsImRlbGV0ZSI6MTIwMDAwMDAwMDAwMCwidXBkYXRlIjo2MDAwMDAwMDAwMDB9LCJzY2hlbWFfdmVyc2lvbiI6IjEifQ==",
          "dependencies": [
            "data.template_file.mongodb_node2"
          ]
        }
      ]
    },
    {
      "mode": "managed",
      "type": "aws_instance",
      "name": "sage_test_mongodb_node3",
      "provider": "provider[\"registry.terraform.io/hashicorp/aws\"]",
      "instances": [
        {
          "status": "tainted",
          "schema_version": 1,
          "attributes": {
            "ami": "ami-dc8d97a5",
            "arn": null,
            "associate_public_ip_address": false,
            "availability_zone": null,
            "capacity_reservation_specification": null,
            "cpu_core_count": null,
            "cpu_threads_per_core": null,
            "credit_specification": [],
            "disable_api_termination": null,
            "ebs_block_device": [
              {
                "delete_on_termination": true,
                "device_name": "/dev/sdb",
                "encrypted": true,
                "iops": 0,
                "kms_key_id": "",
                "snapshot_id": "",
                "tags": {},
                "throughput": 0,
                "volume_id": "",
                "volume_size": 32,
                "volume_type": "gp2"
              }
            ],
            "ebs_optimized": null,
            "enclave_options": null,
            "ephemeral_block_device": [],
            "get_password_data": false,
            "hibernation": null,
            "host_id": null,
            "iam_instance_profile": null,
            "id": "i-0a937725b7f46db99",
            "instance_initiated_shutdown_behavior": null,
            "instance_state": null,
            "instance_type": "t2.micro",
            "ipv6_address_count": null,
            "ipv6_addresses": null,
            "key_name": "test_keypair",
            "launch_template": [],
            "metadata_options": null,
            "monitoring": null,
            "network_interface": [],
            "outpost_arn": null,
            "password_data": null,
            "placement_group": null,
            "placement_partition_number": null,
            "primary_network_interface_id": null,
            "private_dns": null,
            "private_ip": null,
            "public_dns": null,
            "public_ip": null,
            "root_block_device": [
              {
                "delete_on_termination": true,
                "device_name": "",
                "encrypted": false,
                "iops": 0,
                "kms_key_id": "",
                "tags": null,
                "throughput": 0,
                "volume_id": "",
                "volume_size": 8,
                "volume_type": "gp2"
              }
            ],
            "secondary_private_ips": [],
            "security_groups": [],
            "source_dest_check": false,
            "subnet_id": "subnet-6126b318",
            "tags": {
              "Environment": "test",
              "Name": "sage_test_mongodb_node3"
            },
            "tags_all": {
              "Environment": "test",
              "Name": "sage_test_mongodb_node3"
            },
            "tenancy": null,
            "timeouts": null,
            "user_data": "912cf940bac5cb3b6aad87201665c0b18993ae66",
            "user_data_base64": null,
            "volume_tags": null,
            "vpc_security_group_ids": [
              "sg-cca041bd"
            ]
          },
          "sensitive_attributes": [],
          "private": "eyJlMmJmYjczMC1lY2FhLTExZTYtOGY4OC0zNDM2M2JjN2M0YzAiOnsiY3JlYXRlIjo2MDAwMDAwMDAwMDAsImRlbGV0ZSI6MTIwMDAwMDAwMDAwMCwidXBkYXRlIjo2MDAwMDAwMDAwMDB9LCJzY2hlbWFfdmVyc2lvbiI6IjEifQ==",
          "dependencies": [
            "data.template_file.mongodb_node3"
          ]
        }
      ]
    }
  ]
}
