{
  "version": 4,
  "terraform_version": "1.1.5",
  "serial": 3,
  "lineage": "52fce628-bb9e-2491-3a28-a9ff0e901f8f",
  "outputs": {},
  "resources": [
    {
      "mode": "managed",
      "type": "aws_lambda_function",
      "name": "sage_test_mongodb_backup_snapshot",
      "provider": "provider[\"registry.terraform.io/hashicorp/aws\"]",
      "instances": [
        {
          "schema_version": 0,
          "attributes": {
            "architectures": [
              "x86_64"
            ],
            "arn": "arn:aws:lambda:us-west-2:358153424697:function:test-mongodb44-backup-snapshot",
            "code_signing_config_arn": "",
            "dead_letter_config": [],
            "description": "Create snapshot of test MongoDB",
            "environment": [
              {
                "variables": {
                  "DB_DATABASE": "admin",
                  "DB_HOST": "mongodb://node1.test-mongo.ihealth-eng.com:27017,node2.test-mongo.ihealth-eng.com:27017,node3.test-mongo.ihealth-eng.com:27017",
                  "DB_PASSWORD": "iHealth.Next",
                  "DB_REPLSET": "rs0.test",
                  "DB_USER": "admin",
                  "DEVICE_NAME": "/dev/sdf",
                  "ENVIRONMENT": "test"
                }
              }
            ],
            "file_system_config": [],
            "filename": "lambda_snapshot.zip",
            "function_name": "test-mongodb44-backup-snapshot",
            "handler": "main.lambda_handler",
            "id": "test-mongodb44-backup-snapshot",
            "image_config": [],
            "image_uri": "",
            "invoke_arn": "arn:aws:apigateway:us-west-2:lambda:path/2015-03-31/functions/arn:aws:lambda:us-west-2:358153424697:function:test-mongodb44-backup-snapshot/invocations",
            "kms_key_arn": "",
            "last_modified": "2022-05-05T03:26:49.885+0000",
            "layers": null,
            "memory_size": 128,
            "package_type": "Zip",
            "publish": false,
            "qualified_arn": "arn:aws:lambda:us-west-2:358153424697:function:test-mongodb44-backup-snapshot:$LATEST",
            "reserved_concurrent_executions": -1,
            "role": "arn:aws:iam::358153424697:role/test-lambda-mongodb-snapshot-role",
            "runtime": "python3.6",
            "s3_bucket": null,
            "s3_key": null,
            "s3_object_version": null,
            "signing_job_arn": "",
            "signing_profile_version_arn": "",
            "source_code_hash": "B4iKXCvrrc0mFePEJ2UK+vkGyfH2JHfpk97yc8YJ8mk=",
            "source_code_size": 4430604,
            "tags": null,
            "tags_all": {},
            "timeout": 5,
            "timeouts": null,
            "tracing_config": [
              {
                "mode": "PassThrough"
              }
            ],
            "version": "$LATEST",
            "vpc_config": [
              {
                "security_group_ids": [
                  "sg-cca041bd"
                ],
                "subnet_ids": [
                  "subnet-6126b318"
                ],
                "vpc_id": "vpc-869baeff"
              }
            ]
          },
          "sensitive_attributes": [],
          "private": "eyJlMmJmYjczMC1lY2FhLTExZTYtOGY4OC0zNDM2M2JjN2M0YzAiOnsiY3JlYXRlIjo2MDAwMDAwMDAwMDB9fQ=="
        }
      ]
    }
  ]
}
