{
  "version": 4,
  "terraform_version": "1.1.5",
  "serial": 11,
  "lineage": "62cfa746-bc08-510e-1c27-f1e090a3df34",
  "outputs": {},
  "resources": [
    {
      "mode": "data",
      "type": "template_file",
      "name": "mongodb_node1",
      "provider": "provider[\"registry.terraform.io/hashicorp/template\"]",
      "instances": [
        {
          "schema_version": 0,
          "attributes": {
            "filename": null,
            "id": "b503148a386b5604fc534578dfcbc822a8b850888dd679df295e863eefa63bc4",
            "rendered": "#cloud-config\npackage_update: true\nruncmd:\n  - echo \"=========== sleep for 2 minutes ===========\"\n  - sleep 2m\n  - sudo apt-get update\n\n  - echo \"========= install mongo shell on host ==========\"\n  - sudo apt-get install -y mongodb\n  - sudo service mongodb stop\n  - sudo service mongodb status\n\n\n\n\n\n\n",
            "template": "#cloud-config\npackage_update: true\nruncmd:\n  - echo \"=========== sleep for 2 minutes ===========\"\n  - sleep 2m\n  - sudo apt-get update\n\n  - echo \"========= install mongo shell on host ==========\"\n  - sudo apt-get install -y mongodb\n  - sudo service mongodb stop\n  - sudo service mongodb status\n\n\n\n\n\n\n",
            "vars": {
              "node_hostname": "node1.prod-mongo.ihealth-eng.com"
            }
          },
          "sensitive_attributes": []
        }
      ]
    },
    {
      "mode": "data",
      "type": "template_file",
      "name": "mongodb_node2",
      "provider": "provider[\"registry.terraform.io/hashicorp/template\"]",
      "instances": [
        {
          "schema_version": 0,
          "attributes": {
            "filename": null,
            "id": "b503148a386b5604fc534578dfcbc822a8b850888dd679df295e863eefa63bc4",
            "rendered": "#cloud-config\npackage_update: true\nruncmd:\n  - echo \"=========== sleep for 2 minutes ===========\"\n  - sleep 2m\n  - sudo apt-get update\n\n  - echo \"========= install mongo shell on host ==========\"\n  - sudo apt-get install -y mongodb\n  - sudo service mongodb stop\n  - sudo service mongodb status\n\n\n\n\n\n\n",
            "template": "#cloud-config\npackage_update: true\nruncmd:\n  - echo \"=========== sleep for 2 minutes ===========\"\n  - sleep 2m\n  - sudo apt-get update\n\n  - echo \"========= install mongo shell on host ==========\"\n  - sudo apt-get install -y mongodb\n  - sudo service mongodb stop\n  - sudo service mongodb status\n\n\n\n\n\n\n",
            "vars": {
              "node_hostname": "node2.prod-mongo.ihealth-eng.com"
            }
          },
          "sensitive_attributes": []
        }
      ]
    },
    {
      "mode": "data",
      "type": "template_file",
      "name": "mongodb_node3",
      "provider": "provider[\"registry.terraform.io/hashicorp/template\"]",
      "instances": [
        {
          "schema_version": 0,
          "attributes": {
            "filename": null,
            "id": "b503148a386b5604fc534578dfcbc822a8b850888dd679df295e863eefa63bc4",
            "rendered": "#cloud-config\npackage_update: true\nruncmd:\n  - echo \"=========== sleep for 2 minutes ===========\"\n  - sleep 2m\n  - sudo apt-get update\n\n  - echo \"========= install mongo shell on host ==========\"\n  - sudo apt-get install -y mongodb\n  - sudo service mongodb stop\n  - sudo service mongodb status\n\n\n\n\n\n\n",
            "template": "#cloud-config\npackage_update: true\nruncmd:\n  - echo \"=========== sleep for 2 minutes ===========\"\n  - sleep 2m\n  - sudo apt-get update\n\n  - echo \"========= install mongo shell on host ==========\"\n  - sudo apt-get install -y mongodb\n  - sudo service mongodb stop\n  - sudo service mongodb status\n\n\n\n\n\n\n",
            "vars": {
              "node_hostname": "node3.prod-mongo.ihealth-eng.com"
            }
          },
          "sensitive_attributes": []
        }
      ]
    },
    {
      "mode": "managed",
      "type": "aws_instance",
      "name": "node1_prod_mongo4_4",
      "provider": "provider[\"registry.terraform.io/hashicorp/aws\"]",
      "instances": [
        {
          "schema_version": 1,
          "attributes": {
            "ami": "ami-dc8d97a5",
            "arn": "arn:aws:ec2:us-west-2:358153424697:instance/i-0c4c91401cd31aaf3",
            "associate_public_ip_address": false,
            "availability_zone": "us-west-2a",
            "capacity_reservation_specification": [
              {
                "capacity_reservation_preference": "open",
                "capacity_reservation_target": []
              }
            ],
            "cpu_core_count": 2,
            "cpu_threads_per_core": 2,
            "credit_specification": [],
            "disable_api_termination": false,
            "ebs_block_device": [],
            "ebs_optimized": false,
            "enclave_options": [
              {
                "enabled": false
              }
            ],
            "ephemeral_block_device": [],
            "get_password_data": false,
            "hibernation": false,
            "host_id": null,
            "iam_instance_profile": "",
            "id": "i-0c4c91401cd31aaf3",
            "instance_initiated_shutdown_behavior": "stop",
            "instance_state": "running",
            "instance_type": "r5.xlarge",
            "ipv6_address_count": 0,
            "ipv6_addresses": [],
            "key_name": "prod_keypair",
            "launch_template": [],
            "metadata_options": [
              {
                "http_endpoint": "enabled",
                "http_put_response_hop_limit": 1,
                "http_tokens": "optional",
                "instance_metadata_tags": "disabled"
              }
            ],
            "monitoring": false,
            "network_interface": [],
            "outpost_arn": "",
            "password_data": "",
            "placement_group": "",
            "placement_partition_number": null,
            "primary_network_interface_id": "eni-006a6354639944e6a",
            "private_dns": "ip-40-0-1-238.us-west-2.compute.internal",
            "private_ip": "40.0.1.238",
            "public_dns": "",
            "public_ip": "",
            "root_block_device": [
              {
                "delete_on_termination": true,
                "device_name": "/dev/sda1",
                "encrypted": true,
                "iops": 100,
                "kms_key_id": "arn:aws:kms:us-west-2:358153424697:key/dda134f5-faed-41c7-917f-3ec8b638990f",
                "tags": null,
                "throughput": 0,
                "volume_id": "vol-0a1ce89dc93884e15",
                "volume_size": 30,
                "volume_type": "gp2"
              }
            ],
            "secondary_private_ips": [],
            "security_groups": [],
            "source_dest_check": false,
            "subnet_id": "subnet-1c1f8565",
            "tags": {
              "Environment": "test",
              "Hostname": "node1.prod-mongo.ihealth-eng.com"
            },
            "tags_all": {
              "Environment": "test",
              "Hostname": "node1.prod-mongo.ihealth-eng.com"
            },
            "tenancy": "default",
            "timeouts": null,
            "user_data": "e260e852448219693960d8933e62ff3c2de83c1a",
            "user_data_base64": null,
            "volume_tags": null,
            "vpc_security_group_ids": [
              "sg-65e96f14"
            ]
          },
          "sensitive_attributes": [],
          "private": "eyJlMmJmYjczMC1lY2FhLTExZTYtOGY4OC0zNDM2M2JjN2M0YzAiOnsiY3JlYXRlIjo2MDAwMDAwMDAwMDAsImRlbGV0ZSI6MTIwMDAwMDAwMDAwMCwidXBkYXRlIjo2MDAwMDAwMDAwMDB9LCJzY2hlbWFfdmVyc2lvbiI6IjEifQ==",
          "dependencies": [
            "data.template_file.mongodb_node1"
          ]
        }
      ]
    },
    {
      "mode": "managed",
      "type": "aws_instance",
      "name": "node2_prod_mongo4_4",
      "provider": "provider[\"registry.terraform.io/hashicorp/aws\"]",
      "instances": [
        {
          "schema_version": 1,
          "attributes": {
            "ami": "ami-dc8d97a5",
            "arn": "arn:aws:ec2:us-west-2:358153424697:instance/i-0072875c64230202c",
            "associate_public_ip_address": false,
            "availability_zone": "us-west-2a",
            "capacity_reservation_specification": [
              {
                "capacity_reservation_preference": "open",
                "capacity_reservation_target": []
              }
            ],
            "cpu_core_count": 1,
            "cpu_threads_per_core": 1,
            "credit_specification": [
              {
                "cpu_credits": "standard"
              }
            ],
            "disable_api_termination": false,
            "ebs_block_device": [],
            "ebs_optimized": false,
            "enclave_options": [
              {
                "enabled": false
              }
            ],
            "ephemeral_block_device": [],
            "get_password_data": false,
            "hibernation": false,
            "host_id": null,
            "iam_instance_profile": "",
            "id": "i-0072875c64230202c",
            "instance_initiated_shutdown_behavior": "stop",
            "instance_state": "running",
            "instance_type": "t2.micro",
            "ipv6_address_count": 0,
            "ipv6_addresses": [],
            "key_name": "prod_keypair",
            "launch_template": [],
            "metadata_options": [
              {
                "http_endpoint": "enabled",
                "http_put_response_hop_limit": 1,
                "http_tokens": "optional",
                "instance_metadata_tags": "disabled"
              }
            ],
            "monitoring": false,
            "network_interface": [],
            "outpost_arn": "",
            "password_data": "",
            "placement_group": "",
            "placement_partition_number": null,
            "primary_network_interface_id": "eni-031abfefc5b3e5d96",
            "private_dns": "ip-40-0-1-214.us-west-2.compute.internal",
            "private_ip": "40.0.1.214",
            "public_dns": "",
            "public_ip": "",
            "root_block_device": [
              {
                "delete_on_termination": true,
                "device_name": "/dev/sda1",
                "encrypted": true,
                "iops": 100,
                "kms_key_id": "arn:aws:kms:us-west-2:358153424697:key/dda134f5-faed-41c7-917f-3ec8b638990f",
                "tags": null,
                "throughput": 0,
                "volume_id": "vol-01c6f166841c7897f",
                "volume_size": 30,
                "volume_type": "gp2"
              }
            ],
            "secondary_private_ips": [],
            "security_groups": [],
            "source_dest_check": false,
            "subnet_id": "subnet-1c1f8565",
            "tags": {
              "Environment": "test",
              "Hostname": "node2.prod-mongo.ihealth-eng.com"
            },
            "tags_all": {
              "Environment": "test",
              "Hostname": "node2.prod-mongo.ihealth-eng.com"
            },
            "tenancy": "default",
            "timeouts": null,
            "user_data": "e260e852448219693960d8933e62ff3c2de83c1a",
            "user_data_base64": null,
            "volume_tags": null,
            "vpc_security_group_ids": [
              "sg-65e96f14"
            ]
          },
          "sensitive_attributes": [],
          "private": "eyJlMmJmYjczMC1lY2FhLTExZTYtOGY4OC0zNDM2M2JjN2M0YzAiOnsiY3JlYXRlIjo2MDAwMDAwMDAwMDAsImRlbGV0ZSI6MTIwMDAwMDAwMDAwMCwidXBkYXRlIjo2MDAwMDAwMDAwMDB9LCJzY2hlbWFfdmVyc2lvbiI6IjEifQ==",
          "dependencies": [
            "data.template_file.mongodb_node2"
          ]
        }
      ]
    },
    {
      "mode": "managed",
      "type": "aws_instance",
      "name": "node3_prod_mongo4_4",
      "provider": "provider[\"registry.terraform.io/hashicorp/aws\"]",
      "instances": [
        {
          "schema_version": 1,
          "attributes": {
            "ami": "ami-dc8d97a5",
            "arn": "arn:aws:ec2:us-west-2:358153424697:instance/i-09b4e5571174b5abf",
            "associate_public_ip_address": false,
            "availability_zone": "us-west-2a",
            "capacity_reservation_specification": [
              {
                "capacity_reservation_preference": "open",
                "capacity_reservation_target": []
              }
            ],
            "cpu_core_count": 1,
            "cpu_threads_per_core": 1,
            "credit_specification": [
              {
                "cpu_credits": "standard"
              }
            ],
            "disable_api_termination": false,
            "ebs_block_device": [],
            "ebs_optimized": false,
            "enclave_options": [
              {
                "enabled": false
              }
            ],
            "ephemeral_block_device": [],
            "get_password_data": false,
            "hibernation": false,
            "host_id": null,
            "iam_instance_profile": "",
            "id": "i-09b4e5571174b5abf",
            "instance_initiated_shutdown_behavior": "stop",
            "instance_state": "running",
            "instance_type": "t2.micro",
            "ipv6_address_count": 0,
            "ipv6_addresses": [],
            "key_name": "prod_keypair",
            "launch_template": [],
            "metadata_options": [
              {
                "http_endpoint": "enabled",
                "http_put_response_hop_limit": 1,
                "http_tokens": "optional",
                "instance_metadata_tags": "disabled"
              }
            ],
            "monitoring": false,
            "network_interface": [],
            "outpost_arn": "",
            "password_data": "",
            "placement_group": "",
            "placement_partition_number": null,
            "primary_network_interface_id": "eni-02ca48c8e87b7b8a8",
            "private_dns": "ip-40-0-1-160.us-west-2.compute.internal",
            "private_ip": "40.0.1.160",
            "public_dns": "",
            "public_ip": "",
            "root_block_device": [
              {
                "delete_on_termination": true,
                "device_name": "/dev/sda1",
                "encrypted": true,
                "iops": 100,
                "kms_key_id": "arn:aws:kms:us-west-2:358153424697:key/dda134f5-faed-41c7-917f-3ec8b638990f",
                "tags": null,
                "throughput": 0,
                "volume_id": "vol-07c7cb06df440ec89",
                "volume_size": 30,
                "volume_type": "gp2"
              }
            ],
            "secondary_private_ips": [],
            "security_groups": [],
            "source_dest_check": false,
            "subnet_id": "subnet-1c1f8565",
            "tags": {
              "Environment": "test",
              "Hostname": "node3.prod-mongo.ihealth-eng.com"
            },
            "tags_all": {
              "Environment": "test",
              "Hostname": "node3.prod-mongo.ihealth-eng.com"
            },
            "tenancy": "default",
            "timeouts": null,
            "user_data": "e260e852448219693960d8933e62ff3c2de83c1a",
            "user_data_base64": null,
            "volume_tags": null,
            "vpc_security_group_ids": [
              "sg-65e96f14"
            ]
          },
          "sensitive_attributes": [],
          "private": "eyJlMmJmYjczMC1lY2FhLTExZTYtOGY4OC0zNDM2M2JjN2M0YzAiOnsiY3JlYXRlIjo2MDAwMDAwMDAwMDAsImRlbGV0ZSI6MTIwMDAwMDAwMDAwMCwidXBkYXRlIjo2MDAwMDAwMDAwMDB9LCJzY2hlbWFfdmVyc2lvbiI6IjEifQ==",
          "dependencies": [
            "data.template_file.mongodb_node3"
          ]
        }
      ]
    }
  ]
}
